
Microsoft Visual Studio Solution File, Format Version 12.00
# Visual Studio Version 16
VisualStudioVersion = 25.0.1706.9
MinimumVisualStudioVersion = 10.0.40219.1
Project("{FAE04EC0-301F-11D3-BF4B-00C04F79EFBC}") = "ChatbotApp", "ChatbotApp\ChatbotApp.csproj", "{8E9E9DD9-BEEB-46C2-BD1D-DE193A1DAC11}"
EndProject
Project("{E53339B2-1760-4266-BCC7-CA923CBCF16C}") = "docker-compose", "docker-compose.dcproj", "{1CBD8845-4B8D-4E44-A3EF-84A567C2840C}"
EndProject
Global
	GlobalSection(SolutionConfigurationPlatforms) = preSolution
		Debug|Any CPU = Debug|Any CPU
		Release|Any CPU = Release|Any CPU
	EndGlobalSection
	GlobalSection(ProjectConfigurationPlatforms) = postSolution
		{8E9E9DD9-BEEB-46C2-BD1D-DE193A1DAC11}.Debug|Any CPU.ActiveCfg = Debug|Any CPU
		{8E9E9DD9-BEEB-46C2-BD1D-DE193A1DAC11}.Debug|Any CPU.Build.0 = Debug|Any CPU
		{8E9E9DD9-BEEB-46C2-BD1D-DE193A1DAC11}.Release|Any CPU.ActiveCfg = Release|Any CPU
		{8E9E9DD9-BEEB-46C2-BD1D-DE193A1DAC11}.Release|Any CPU.Build.0 = Release|Any CPU
		{1CBD8845-4B8D-4E44-A3EF-84A567C2840C}.Debug|Any CPU.ActiveCfg = Debug|Any CPU
		{1CBD8845-4B8D-4E44-A3EF-84A567C2840C}.Debug|Any CPU.Build.0 = Debug|Any CPU
		{1CBD8845-4B8D-4E44-A3EF-84A567C2840C}.Release|Any CPU.ActiveCfg = Release|Any CPU
		{1CBD8845-4B8D-4E44-A3EF-84A567C2840C}.Release|Any CPU.Build.0 = Release|Any CPU
	EndGlobalSection
	GlobalSection(SolutionProperties) = preSolution
		HideSolutionNode = FALSE
	EndGlobalSection
	GlobalSection(ExtensibilityGlobals) = postSolution
		SolutionGuid = {8AA03474-B475-4789-9A80-801EFFEDEC47}
	EndGlobalSection
EndGlobal
